
Microsoft Visual Studio Solution File, Format Version 12.00
# Visual Studio 2013
VisualStudioVersion = 12.0.31101.0
MinimumVisualStudioVersion = 10.0.40219.1
Project("{FAE04EC0-301F-11D3-BF4B-00C04F79EFBC}") = "SafeEventHandlers", "SafeEventHandlers\SafeEventHandlers.csproj", "{AB86745A-D528-43D2-895C-CAB042C77124}"
EndProject
Project("{FAE04EC0-301F-11D3-BF4B-00C04F79EFBC}") = "SafeEventHandlersTests", "SafeEventHandlersTests\SafeEventHandlersTests.csproj", "{B0B8A3E1-9B00-4A3D-B493-922E6A4FE4CB}"
EndProject
Project("{2150E333-8FDC-42A3-9474-1A3956D46DE8}") = ".nuget", ".nuget", "{C030959C-D093-4ADB-B32F-AD7C1F947C2D}"
	ProjectSection(SolutionItems) = preProject
		.nuget\packages.config = .nuget\packages.config
	EndProjectSection
EndProject
Global
	GlobalSection(SolutionConfigurationPlatforms) = preSolution
		Debug|Any CPU = Debug|Any CPU
		Release|Any CPU = Release|Any CPU
	EndGlobalSection
	GlobalSection(ProjectConfigurationPlatforms) = postSolution
		{AB86745A-D528-43D2-895C-CAB042C77124}.Debug|Any CPU.ActiveCfg = Debug|Any CPU
		{AB86745A-D528-43D2-895C-CAB042C77124}.Debug|Any CPU.Build.0 = Debug|Any CPU
		{AB86745A-D528-43D2-895C-CAB042C77124}.Release|Any CPU.ActiveCfg = Release|Any CPU
		{AB86745A-D528-43D2-895C-CAB042C77124}.Release|Any CPU.Build.0 = Release|Any CPU
		{B0B8A3E1-9B00-4A3D-B493-922E6A4FE4CB}.Debug|Any CPU.ActiveCfg = Debug|Any CPU
		{B0B8A3E1-9B00-4A3D-B493-922E6A4FE4CB}.Debug|Any CPU.Build.0 = Debug|Any CPU
		{B0B8A3E1-9B00-4A3D-B493-922E6A4FE4CB}.Release|Any CPU.ActiveCfg = Release|Any CPU
		{B0B8A3E1-9B00-4A3D-B493-922E6A4FE4CB}.Release|Any CPU.Build.0 = Release|Any CPU
	EndGlobalSection
	GlobalSection(SolutionProperties) = preSolution
		HideSolutionNode = FALSE
	EndGlobalSection
EndGlobal
